<?xml version="1.0" encoding="utf-8"?>
<Project ToolsVersion="4.0" xmlns="http://schemas.microsoft.com/developer/msbuild/2003">
  <ItemGroup>
    <Filter Include="Source Files">
      <UniqueIdentifier>{4FC737F1-C7A5-4376-A066-2A32D752A2FF}</UniqueIdentifier>
      <Extensions>cpp;c;cc;cxx;def;odl;idl;hpj;bat;asm;asmx</Extensions>
    </Filter>
    <Filter Include="Header Files">
      <UniqueIdentifier>{93995380-89BD-4b04-88EB-625FBE52EBFB}</UniqueIdentifier>
      <Extensions>h;hpp;hxx;hm;inl;inc;xsd</Extensions>
    </Filter>
    <Filter Include="Resource Files">
      <UniqueIdentifier>{67DA6AB6-F800-4c08-8B7A-83BB121AAD01}</UniqueIdentifier>
      <Extensions>rc;ico;cur;bmp;dlg;rc2;rct;bin;rgs;gif;jpg;jpeg;jpe;resx;tiff;tif;png;wav;mfcribbon-ms</Extensions>
    </Filter>
    <Filter Include="Source Files\Core">
      <UniqueIdentifier>{a7831d24-62bb-4915-8b9e-0b09953a7535}</UniqueIdentifier>
    </Filter>
    <Filter Include="Header Files\Core">
      <UniqueIdentifier>{530cf10d-b328-4eb0-84e4-2b83c4a43dc4}</UniqueIdentifier>
    </Filter>
    <Filter Include="Source Files\Shaders">
      <UniqueIdentifier>{877dade2-9027-4dd5-84d0-3a83b0c39dc3}</UniqueIdentifier>
    </Filter>
  </ItemGroup>
  <ItemGroup>
    <ClCompile Include="main.cpp">
      <Filter>Source Files</Filter>
    </ClCompile>
    <ClCompile Include="ShaderLoader.cpp">
      <Filter>Source Files\Core</Filter>
    </ClCompile>
    <ClCompile Include="GameModels.cpp">
      <Filter>Source Files\Core</Filter>
    </ClCompile>
  </ItemGroup>
  <ItemGroup>
    <ClInclude Include="ShaderLoader.h">
      <Filter>Header Files\Core</Filter>
    </ClInclude>
    <ClInclude Include="VertexFormat.h">
      <Filter>Header Files\Core</Filter>
    </ClInclude>
    <ClInclude Include="GameModels.h">
      <Filter>Header Files\Core</Filter>
    </ClInclude>
  </ItemGroup>
  <ItemGroup>
    <None Include="VertexShader.glsl">
      <Filter>Source Files\Shaders</Filter>
    </None>
    <None Include="FragmentShader.glsl">
      <Filter>Source Files\Shaders</Filter>
    </None>
    <None Include="packages.config" />
  </ItemGroup>
</Project>